
Microsoft Visual Studio Solution File, Format Version 12.00
# Visual Studio Version 16
VisualStudioVersion = 16.0.29215.179
MinimumVisualStudioVersion = 10.0.40219.1
Project("{FAE04EC0-301F-11D3-BF4B-00C04F79EFBC}") = "Assembly-CSharp", "Assembly-CSharp.csproj", "{756ADE4C-709B-9BD0-73AE-070F7D423473}"
EndProject
Project("{FAE04EC0-301F-11D3-BF4B-00C04F79EFBC}") = "Assembly-CSharp-Editor", "Assembly-CSharp-Editor.csproj", "{7CFA03D7-37E6-0102-A377-78B90BAEC191}"
EndProject
Global
	GlobalSection(SolutionConfigurationPlatforms) = preSolution
		Debug|Any CPU = Debug|Any CPU
		Release|Any CPU = Release|Any CPU
	EndGlobalSection
	GlobalSection(ProjectConfigurationPlatforms) = postSolution
		{756ADE4C-709B-9BD0-73AE-070F7D423473}.Debug|Any CPU.ActiveCfg = Debug|Any CPU
		{756ADE4C-709B-9BD0-73AE-070F7D423473}.Debug|Any CPU.Build.0 = Debug|Any CPU
		{756ADE4C-709B-9BD0-73AE-070F7D423473}.Release|Any CPU.ActiveCfg = Release|Any CPU
		{756ADE4C-709B-9BD0-73AE-070F7D423473}.Release|Any CPU.Build.0 = Release|Any CPU
		{7CFA03D7-37E6-0102-A377-78B90BAEC191}.Debug|Any CPU.ActiveCfg = Debug|Any CPU
		{7CFA03D7-37E6-0102-A377-78B90BAEC191}.Debug|Any CPU.Build.0 = Debug|Any CPU
		{7CFA03D7-37E6-0102-A377-78B90BAEC191}.Release|Any CPU.ActiveCfg = Release|Any CPU
		{7CFA03D7-37E6-0102-A377-78B90BAEC191}.Release|Any CPU.Build.0 = Release|Any CPU
	EndGlobalSection
	GlobalSection(SolutionProperties) = preSolution
		HideSolutionNode = FALSE
	EndGlobalSection
	GlobalSection(ExtensibilityGlobals) = postSolution
		SolutionGuid = {33543622-518E-4420-821B-33809F519927}
	EndGlobalSection
EndGlobal
